// !$*UTF8*$!
{
	archiveVersion = 1;
	classes = {
	};
	objectVersion = 46;
	objects = {

/* Begin PBXBuildFile section */
		EC23E839167B5C3200314147 /* Default-568h@2x.png in Resources */ = {isa = PBXBuildFile; fileRef = EC23E838167B5C3200314147 /* Default-568h@2x.png */; };
		EC23E850167B600D00314147 /* DemoImageEditor.xib in Resources */ = {isa = PBXBuildFile; fileRef = EC23E84F167B600D00314147 /* DemoImageEditor.xib */; };
		EC23EAED15ECC5610051EA9E /* UIKit.framework in Frameworks */ = {isa = PBXBuildFile; fileRef = EC23EAEC15ECC5610051EA9E /* UIKit.framework */; };
		EC23EAEF15ECC5610051EA9E /* Foundation.framework in Frameworks */ = {isa = PBXBuildFile; fileRef = EC23EAEE15ECC5610051EA9E /* Foundation.framework */; };
		EC23EAF115ECC5610051EA9E /* CoreGraphics.framework in Frameworks */ = {isa = PBXBuildFile; fileRef = EC23EAF015ECC5610051EA9E /* CoreGraphics.framework */; };
		EC23EB0F15ECC5F80051EA9E /* HFImageEditorViewController.m in Sources */ = {isa = PBXBuildFile; fileRef = EC23EB0D15ECC5F80051EA9E /* HFImageEditorViewController.m */; };
		EC23EB1315ECC6350051EA9E /* HFImageEditorFrameView.m in Sources */ = {isa = PBXBuildFile; fileRef = EC23EB1215ECC6350051EA9E /* HFImageEditorFrameView.m */; };
		ECA6FB961645C8FA0090CA20 /* DemoImageEditor.m in Sources */ = {isa = PBXBuildFile; fileRef = ECA6FB951645C8FA0090CA20 /* DemoImageEditor.m */; };
		ECFB417115EE162300FA7714 /* AssetsLibrary.framework in Frameworks */ = {isa = PBXBuildFile; fileRef = ECFB417015EE162200FA7714 /* AssetsLibrary.framework */; };
		ECFB418215EE28D000FA7714 /* DemoAppDelegate.m in Sources */ = {isa = PBXBuildFile; fileRef = ECFB417C15EE28D000FA7714 /* DemoAppDelegate.m */; };
		ECFB418315EE28D000FA7714 /* InfoPlist.strings in Resources */ = {isa = PBXBuildFile; fileRef = ECFB417D15EE28D000FA7714 /* InfoPlist.strings */; };
		ECFB418515EE28D000FA7714 /* main.m in Sources */ = {isa = PBXBuildFile; fileRef = ECFB418115EE28D000FA7714 /* main.m */; };
/* End PBXBuildFile section */

/* Begin PBXFileReference section */
		EC23E835167B5B7A00314147 /* HFImageEditorViewController+Private.h */ = {isa = PBXFileReference; fileEncoding = 4; lastKnownFileType = sourcecode.c.h; path = "HFImageEditorViewController+Private.h"; sourceTree = "<group>"; };
		EC23E838167B5C3200314147 /* Default-568h@2x.png */ = {isa = PBXFileReference; lastKnownFileType = image.png; path = "Default-568h@2x.png"; sourceTree = "<group>"; };
		EC23E84F167B600D00314147 /* DemoImageEditor.xib */ = {isa = PBXFileReference; fileEncoding = 4; lastKnownFileType = file.xib; path = DemoImageEditor.xib; sourceTree = "<group>"; };
		EC23EAE815ECC5610051EA9E /* ImageEditor.app */ = {isa = PBXFileReference; explicitFileType = wrapper.application; includeInIndex = 0; path = ImageEditor.app; sourceTree = BUILT_PRODUCTS_DIR; };
		EC23EAEC15ECC5610051EA9E /* UIKit.framework */ = {isa = PBXFileReference; lastKnownFileType = wrapper.framework; name = UIKit.framework; path = System/Library/Frameworks/UIKit.framework; sourceTree = SDKROOT; };
		EC23EAEE15ECC5610051EA9E /* Foundation.framework */ = {isa = PBXFileReference; lastKnownFileType = wrapper.framework; name = Foundation.framework; path = System/Library/Frameworks/Foundation.framework; sourceTree = SDKROOT; };
		EC23EAF015ECC5610051EA9E /* CoreGraphics.framework */ = {isa = PBXFileReference; lastKnownFileType = wrapper.framework; name = CoreGraphics.framework; path = System/Library/Frameworks/CoreGraphics.framework; sourceTree = SDKROOT; };
		EC23EB0C15ECC5F80051EA9E /* HFImageEditorViewController.h */ = {isa = PBXFileReference; fileEncoding = 4; lastKnownFileType = sourcecode.c.h; path = HFImageEditorViewController.h; sourceTree = "<group>"; };
		EC23EB0D15ECC5F80051EA9E /* HFImageEditorViewController.m */ = {isa = PBXFileReference; fileEncoding = 4; lastKnownFileType = sourcecode.c.objc; path = HFImageEditorViewController.m; sourceTree = "<group>"; };
		EC23EB1115ECC6350051EA9E /* HFImageEditorFrameView.h */ = {isa = PBXFileReference; fileEncoding = 4; lastKnownFileType = sourcecode.c.h; path = HFImageEditorFrameView.h; sourceTree = "<group>"; };
		EC23EB1215ECC6350051EA9E /* HFImageEditorFrameView.m */ = {isa = PBXFileReference; fileEncoding = 4; lastKnownFileType = sourcecode.c.objc; path = HFImageEditorFrameView.m; sourceTree = "<group>"; };
		ECA6FB941645C8FA0090CA20 /* DemoImageEditor.h */ = {isa = PBXFileReference; fileEncoding = 4; lastKnownFileType = sourcecode.c.h; path = DemoImageEditor.h; sourceTree = "<group>"; };
		ECA6FB951645C8FA0090CA20 /* DemoImageEditor.m */ = {isa = PBXFileReference; fileEncoding = 4; lastKnownFileType = sourcecode.c.objc; path = DemoImageEditor.m; sourceTree = "<group>"; };
		ECFB417015EE162200FA7714 /* AssetsLibrary.framework */ = {isa = PBXFileReference; lastKnownFileType = wrapper.framework; name = AssetsLibrary.framework; path = System/Library/Frameworks/AssetsLibrary.framework; sourceTree = SDKROOT; };
		ECFB417B15EE28D000FA7714 /* DemoAppDelegate.h */ = {isa = PBXFileReference; fileEncoding = 4; lastKnownFileType = sourcecode.c.h; path = DemoAppDelegate.h; sourceTree = "<group>"; };
		ECFB417C15EE28D000FA7714 /* DemoAppDelegate.m */ = {isa = PBXFileReference; fileEncoding = 4; lastKnownFileType = sourcecode.c.objc; path = DemoAppDelegate.m; sourceTree = "<group>"; };
		ECFB417E15EE28D000FA7714 /* en */ = {isa = PBXFileReference; lastKnownFileType = text.plist.strings; name = en; path = en.lproj/InfoPlist.strings; sourceTree = "<group>"; };
		ECFB417F15EE28D000FA7714 /* ImageEditor-Info.plist */ = {isa = PBXFileReference; fileEncoding = 4; lastKnownFileType = text.plist.xml; name = "ImageEditor-Info.plist"; path = "ImageEditorDemo/ImageEditor-Info.plist"; sourceTree = SOURCE_ROOT; };
		ECFB418015EE28D000FA7714 /* ImageEditor-Prefix.pch */ = {isa = PBXFileReference; fileEncoding = 4; lastKnownFileType = sourcecode.c.h; name = "ImageEditor-Prefix.pch"; path = "ImageEditorDemo/ImageEditor-Prefix.pch"; sourceTree = SOURCE_ROOT; };
		ECFB418115EE28D000FA7714 /* main.m */ = {isa = PBXFileReference; fileEncoding = 4; lastKnownFileType = sourcecode.c.objc; name = main.m; path = ImageEditorDemo/main.m; sourceTree = SOURCE_ROOT; };
/* End PBXFileReference section */

/* Begin PBXFrameworksBuildPhase section */
		EC23EAE515ECC5600051EA9E /* Frameworks */ = {
			isa = PBXFrameworksBuildPhase;
			buildActionMask = 2147483647;
			files = (
				ECFB417115EE162300FA7714 /* AssetsLibrary.framework in Frameworks */,
				EC23EAED15ECC5610051EA9E /* UIKit.framework in Frameworks */,
				EC23EAEF15ECC5610051EA9E /* Foundation.framework in Frameworks */,
				EC23EAF115ECC5610051EA9E /* CoreGraphics.framework in Frameworks */,
			);
			runOnlyForDeploymentPostprocessing = 0;
		};
/* End PBXFrameworksBuildPhase section */

/* Begin PBXGroup section */
		EC23EADD15ECC5600051EA9E = {
			isa = PBXGroup;
			children = (
				EC23E838167B5C3200314147 /* Default-568h@2x.png */,
				EC23EAF215ECC5610051EA9E /* ImageEditor */,
				ECFB417A15EE28D000FA7714 /* ImageEditorDemo */,
				EC23EAF315ECC5610051EA9E /* Supporting Files */,
				EC23EAEB15ECC5610051EA9E /* Frameworks */,
				EC23EAE915ECC5610051EA9E /* Products */,
			);
			sourceTree = "<group>";
		};
		EC23EAE915ECC5610051EA9E /* Products */ = {
			isa = PBXGroup;
			children = (
				EC23EAE815ECC5610051EA9E /* ImageEditor.app */,
			);
			name = Products;
			sourceTree = "<group>";
		};
		EC23EAEB15ECC5610051EA9E /* Frameworks */ = {
			isa = PBXGroup;
			children = (
				ECFB417015EE162200FA7714 /* AssetsLibrary.framework */,
				EC23EAEC15ECC5610051EA9E /* UIKit.framework */,
				EC23EAEE15ECC5610051EA9E /* Foundation.framework */,
				EC23EAF015ECC5610051EA9E /* CoreGraphics.framework */,
			);
			name = Frameworks;
			sourceTree = "<group>";
		};
		EC23EAF215ECC5610051EA9E /* ImageEditor */ = {
			isa = PBXGroup;
			children = (
				EC23EB0C15ECC5F80051EA9E /* HFImageEditorViewController.h */,
				EC23E835167B5B7A00314147 /* HFImageEditorViewController+Private.h */,
				EC23EB0D15ECC5F80051EA9E /* HFImageEditorViewController.m */,
				EC23EB1115ECC6350051EA9E /* HFImageEditorFrameView.h */,
				EC23EB1215ECC6350051EA9E /* HFImageEditorFrameView.m */,
			);
			path = ImageEditor;
			sourceTree = "<group>";
		};
		EC23EAF315ECC5610051EA9E /* Supporting Files */ = {
			isa = PBXGroup;
			children = (
				ECFB417D15EE28D000FA7714 /* InfoPlist.strings */,
				ECFB417F15EE28D000FA7714 /* ImageEditor-Info.plist */,
				ECFB418015EE28D000FA7714 /* ImageEditor-Prefix.pch */,
				ECFB418115EE28D000FA7714 /* main.m */,
			);
			name = "Supporting Files";
			path = ImageEditor;
			sourceTree = "<group>";
		};
		ECFB417A15EE28D000FA7714 /* ImageEditorDemo */ = {
			isa = PBXGroup;
			children = (
				EC23E84F167B600D00314147 /* DemoImageEditor.xib */,
				ECFB417B15EE28D000FA7714 /* DemoAppDelegate.h */,
				ECFB417C15EE28D000FA7714 /* DemoAppDelegate.m */,
				ECA6FB941645C8FA0090CA20 /* DemoImageEditor.h */,
				ECA6FB951645C8FA0090CA20 /* DemoImageEditor.m */,
			);
			path = ImageEditorDemo;
			sourceTree = "<group>";
		};
/* End PBXGroup section */

/* Begin PBXNativeTarget section */
		EC23EAE715ECC5600051EA9E /* ImageEditor */ = {
			isa = PBXNativeTarget;
			buildConfigurationList = EC23EB0915ECC5610051EA9E /* Build configuration list for PBXNativeTarget "ImageEditor" */;
			buildPhases = (
				EC23EAE415ECC5600051EA9E /* Sources */,
				EC23EAE515ECC5600051EA9E /* Frameworks */,
				EC23EAE615ECC5600051EA9E /* Resources */,
			);
			buildRules = (
			);
			dependencies = (
			);
			name = ImageEditor;
			productName = ImageEditor;
			productReference = EC23EAE815ECC5610051EA9E /* ImageEditor.app */;
			productType = "com.apple.product-type.application";
		};
/* End PBXNativeTarget section */

/* Begin PBXProject section */
		EC23EADF15ECC5600051EA9E /* Project object */ = {
			isa = PBXProject;
			attributes = {
				LastUpgradeCheck = 0500;
				ORGANIZATIONNAME = "Heitor Ferreira";
			};
			buildConfigurationList = EC23EAE215ECC5600051EA9E /* Build configuration list for PBXProject "ImageEditor" */;
			compatibilityVersion = "Xcode 3.2";
			developmentRegion = English;
			hasScannedForEncodings = 0;
			knownRegions = (
				en,
			);
			mainGroup = EC23EADD15ECC5600051EA9E;
			productRefGroup = EC23EAE915ECC5610051EA9E /* Products */;
			projectDirPath = "";
			projectRoot = "";
			targets = (
				EC23EAE715ECC5600051EA9E /* ImageEditor */,
			);
		};
/* End PBXProject section */

/* Begin PBXResourcesBuildPhase section */
		EC23EAE615ECC5600051EA9E /* Resources */ = {
			isa = PBXResourcesBuildPhase;
			buildActionMask = 2147483647;
			files = (
				ECFB418315EE28D000FA7714 /* InfoPlist.strings in Resources */,
				EC23E839167B5C3200314147 /* Default-568h@2x.png in Resources */,
				EC23E850167B600D00314147 /* DemoImageEditor.xib in Resources */,
			);
			runOnlyForDeploymentPostprocessing = 0;
		};
/* End PBXResourcesBuildPhase section */

/* Begin PBXSourcesBuildPhase section */
		EC23EAE415ECC5600051EA9E /* Sources */ = {
			isa = PBXSourcesBuildPhase;
			buildActionMask = 2147483647;
			files = (
				EC23EB0F15ECC5F80051EA9E /* HFImageEditorViewController.m in Sources */,
				EC23EB1315ECC6350051EA9E /* HFImageEditorFrameView.m in Sources */,
				ECFB418215EE28D000FA7714 /* DemoAppDelegate.m in Sources */,
				ECFB418515EE28D000FA7714 /* main.m in Sources */,
				ECA6FB961645C8FA0090CA20 /* DemoImageEditor.m in Sources */,
			);
			runOnlyForDeploymentPostprocessing = 0;
		};
/* End PBXSourcesBuildPhase section */

/* Begin PBXVariantGroup section */
		ECFB417D15EE28D000FA7714 /* InfoPlist.strings */ = {
			isa = PBXVariantGroup;
			children = (
				ECFB417E15EE28D000FA7714 /* en */,
			);
			name = InfoPlist.strings;
			path = ImageEditorDemo;
			sourceTree = SOURCE_ROOT;
		};
/* End PBXVariantGroup section */

/* Begin XCBuildConfiguration section */
		EC23EB0715ECC5610051EA9E /* Debug */ = {
			isa = XCBuildConfiguration;
			buildSettings = {
				ALWAYS_SEARCH_USER_PATHS = NO;
				CLANG_CXX_LANGUAGE_STANDARD = "gnu++0x";
				CLANG_WARN_BOOL_CONVERSION = YES;
				CLANG_WARN_CONSTANT_CONVERSION = YES;
				CLANG_WARN_EMPTY_BODY = YES;
				CLANG_WARN_ENUM_CONVERSION = YES;
				CLANG_WARN_INT_CONVERSION = YES;
				CLANG_WARN__DUPLICATE_METHOD_MATCH = YES;
				"CODE_SIGN_IDENTITY[sdk=iphoneos*]" = "iPhone Developer";
				COPY_PHASE_STRIP = NO;
				GCC_C_LANGUAGE_STANDARD = gnu99;
				GCC_DYNAMIC_NO_PIC = NO;
				GCC_OPTIMIZATION_LEVEL = 0;
				GCC_PREPROCESSOR_DEFINITIONS = (
					"DEBUG=1",
					"$(inherited)",
				);
				GCC_SYMBOLS_PRIVATE_EXTERN = NO;
				GCC_VERSION = com.apple.compilers.llvm.clang.1_0;
				GCC_WARN_64_TO_32_BIT_CONVERSION = YES;
				GCC_WARN_ABOUT_RETURN_TYPE = YES;
				GCC_WARN_UNDECLARED_SELECTOR = YES;
				GCC_WARN_UNINITIALIZED_AUTOS = YES;
				GCC_WARN_UNUSED_FUNCTION = YES;
				GCC_WARN_UNUSED_VARIABLE = YES;
				IPHONEOS_DEPLOYMENT_TARGET = 5.1;
				ONLY_ACTIVE_ARCH = YES;
				SDKROOT = iphoneos;
				TARGETED_DEVICE_FAMILY = "1,2";
			};
			name = Debug;
		};
		EC23EB0815ECC5610051EA9E /* Release */ = {
			isa = XCBuildConfiguration;
			buildSettings = {
				ALWAYS_SEARCH_USER_PATHS = NO;
				CLANG_CXX_LANGUAGE_STANDARD = "gnu++0x";
				CLANG_WARN_BOOL_CONVERSION = YES;
				CLANG_WARN_CONSTANT_CONVERSION = YES;
				CLANG_WARN_EMPTY_BODY = YES;
				CLANG_WARN_ENUM_CONVERSION = YES;
				CLANG_WARN_INT_CONVERSION = YES;
				CLANG_WARN__DUPLICATE_METHOD_MATCH = YES;
				"CODE_SIGN_IDENTITY[sdk=iphoneos*]" = "iPhone Developer";
				COPY_PHASE_STRIP = YES;
				GCC_C_LANGUAGE_STANDARD = gnu99;
				GCC_VERSION = com.apple.compilers.llvm.clang.1_0;
				GCC_WARN_64_TO_32_BIT_CONVERSION = YES;
				GCC_WARN_ABOUT_RETURN_TYPE = YES;
				GCC_WARN_UNDECLARED_SELECTOR = YES;
				GCC_WARN_UNINITIALIZED_AUTOS = YES;
				GCC_WARN_UNUSED_FUNCTION = YES;
				GCC_WARN_UNUSED_VARIABLE = YES;
				IPHONEOS_DEPLOYMENT_TARGET = 5.1;
				OTHER_CFLAGS = "-DNS_BLOCK_ASSERTIONS=1";
				SDKROOT = iphoneos;
				TARGETED_DEVICE_FAMILY = "1,2";
				VALIDATE_PRODUCT = YES;
			};
			name = Release;
		};
		EC23EB0A15ECC5610051EA9E /* Debug */ = {
			isa = XCBuildConfiguration;
			buildSettings = {
				CLANG_ENABLE_OBJC_ARC = YES;
				GCC_PRECOMPILE_PREFIX_HEADER = YES;
				GCC_PREFIX_HEADER = "ImageEditorDemo/ImageEditor-Prefix.pch";
				INFOPLIST_FILE = "$(SRCROOT)/ImageEditorDemo/ImageEditor-Info.plist";
				IPHONEOS_DEPLOYMENT_TARGET = 5.1;
				PRODUCT_NAME = "$(TARGET_NAME)";
				WRAPPER_EXTENSION = app;
			};
			name = Debug;
		};
		EC23EB0B15ECC5610051EA9E /* Release */ = {
			isa = XCBuildConfiguration;
			buildSettings = {
				CLANG_ENABLE_OBJC_ARC = YES;
				GCC_PRECOMPILE_PREFIX_HEADER = YES;
				GCC_PREFIX_HEADER = "ImageEditorDemo/ImageEditor-Prefix.pch";
				INFOPLIST_FILE = "$(SRCROOT)/ImageEditorDemo/ImageEditor-Info.plist";
				IPHONEOS_DEPLOYMENT_TARGET = 5.1;
				PRODUCT_NAME = "$(TARGET_NAME)";
				WRAPPER_EXTENSION = app;
			};
			name = Release;
		};
/* End XCBuildConfiguration section */

/* Begin XCConfigurationList section */
		EC23EAE215ECC5600051EA9E /* Build configuration list for PBXProject "ImageEditor" */ = {
			isa = XCConfigurationList;
			buildConfigurations = (
				EC23EB0715ECC5610051EA9E /* Debug */,
				EC23EB0815ECC5610051EA9E /* Release */,
			);
			defaultConfigurationIsVisible = 0;
			defaultConfigurationName = Release;
		};
		EC23EB0915ECC5610051EA9E /* Build configuration list for PBXNativeTarget "ImageEditor" */ = {
			isa = XCConfigurationList;
			buildConfigurations = (
				EC23EB0A15ECC5610051EA9E /* Debug */,
				EC23EB0B15ECC5610051EA9E /* Release */,
			);
			defaultConfigurationIsVisible = 0;
			defaultConfigurationName = Release;
		};
/* End XCConfigurationList section */
	};
	rootObject = EC23EADF15ECC5600051EA9E /* Project object */;
}
